
Microsoft Visual Studio Solution File, Format Version 12.00
# Visual Studio Version 16
VisualStudioVersion = 16.0.29509.3
MinimumVisualStudioVersion = 10.0.40219.1
Project("{9A19103F-16F7-4668-BE54-9A1E7A4F7556}") = "QuizApp", "QuizApp\QuizApp.csproj", "{0257E08F-5AEB-4A79-9A05-B3CA24D5241C}"
EndProject
Project("{FAE04EC0-301F-11D3-BF4B-00C04F79EFBC}") = "QuizAppTests", "QuizAppTests\QuizAppTests.csproj", "{134AD653-316B-4E1B-9DF2-785D4E41243C}"
EndProject
Global
	GlobalSection(SolutionConfigurationPlatforms) = preSolution
		Debug|Any CPU = Debug|Any CPU
		Release|Any CPU = Release|Any CPU
	EndGlobalSection
	GlobalSection(ProjectConfigurationPlatforms) = postSolution
		{0257E08F-5AEB-4A79-9A05-B3CA24D5241C}.Debug|Any CPU.ActiveCfg = Debug|Any CPU
		{0257E08F-5AEB-4A79-9A05-B3CA24D5241C}.Debug|Any CPU.Build.0 = Debug|Any CPU
		{0257E08F-5AEB-4A79-9A05-B3CA24D5241C}.Release|Any CPU.ActiveCfg = Release|Any CPU
		{0257E08F-5AEB-4A79-9A05-B3CA24D5241C}.Release|Any CPU.Build.0 = Release|Any CPU
		{134AD653-316B-4E1B-9DF2-785D4E41243C}.Debug|Any CPU.ActiveCfg = Debug|Any CPU
		{134AD653-316B-4E1B-9DF2-785D4E41243C}.Debug|Any CPU.Build.0 = Debug|Any CPU
		{134AD653-316B-4E1B-9DF2-785D4E41243C}.Release|Any CPU.ActiveCfg = Release|Any CPU
		{134AD653-316B-4E1B-9DF2-785D4E41243C}.Release|Any CPU.Build.0 = Release|Any CPU
	EndGlobalSection
	GlobalSection(SolutionProperties) = preSolution
		HideSolutionNode = FALSE
	EndGlobalSection
	GlobalSection(ExtensibilityGlobals) = postSolution
		SolutionGuid = {1E6CF5E4-CB38-4D2D-8ECA-3039B869EC57}
	EndGlobalSection
EndGlobal
